
Microsoft Visual Studio Solution File, Format Version 12.00
# Visual Studio 15
VisualStudioVersion = 15.0.26124.0
MinimumVisualStudioVersion = 15.0.26124.0
Project("{FAE04EC0-301F-11D3-BF4B-00C04F79EFBC}") = "R5T.Philippi.Construction", "R5T.Philippi.Construction\R5T.Philippi.Construction.csproj", "{DDA09D69-289D-4CDF-9B8D-32E70F48FD38}"
EndProject
Project("{FAE04EC0-301F-11D3-BF4B-00C04F79EFBC}") = "R5T.Philippi", "R5T.Philippi\R5T.Philippi.csproj", "{713CACBD-A904-49AC-ACED-EB2813E305AE}"
EndProject
Project("{FAE04EC0-301F-11D3-BF4B-00C04F79EFBC}") = "R5T.Philippi.Testing", "R5T.Philippi.Testing\R5T.Philippi.Testing.csproj", "{63F23255-AD27-462D-92CA-ED01345246CE}"
EndProject
Global
	GlobalSection(SolutionConfigurationPlatforms) = preSolution
		Debug|Any CPU = Debug|Any CPU
		Debug|x64 = Debug|x64
		Debug|x86 = Debug|x86
		Release|Any CPU = Release|Any CPU
		Release|x64 = Release|x64
		Release|x86 = Release|x86
	EndGlobalSection
	GlobalSection(SolutionProperties) = preSolution
		HideSolutionNode = FALSE
	EndGlobalSection
	GlobalSection(ProjectConfigurationPlatforms) = postSolution
		{DDA09D69-289D-4CDF-9B8D-32E70F48FD38}.Debug|Any CPU.ActiveCfg = Debug|Any CPU
		{DDA09D69-289D-4CDF-9B8D-32E70F48FD38}.Debug|Any CPU.Build.0 = Debug|Any CPU
		{DDA09D69-289D-4CDF-9B8D-32E70F48FD38}.Debug|x64.ActiveCfg = Debug|Any CPU
		{DDA09D69-289D-4CDF-9B8D-32E70F48FD38}.Debug|x64.Build.0 = Debug|Any CPU
		{DDA09D69-289D-4CDF-9B8D-32E70F48FD38}.Debug|x86.ActiveCfg = Debug|Any CPU
		{DDA09D69-289D-4CDF-9B8D-32E70F48FD38}.Debug|x86.Build.0 = Debug|Any CPU
		{DDA09D69-289D-4CDF-9B8D-32E70F48FD38}.Release|Any CPU.ActiveCfg = Release|Any CPU
		{DDA09D69-289D-4CDF-9B8D-32E70F48FD38}.Release|Any CPU.Build.0 = Release|Any CPU
		{DDA09D69-289D-4CDF-9B8D-32E70F48FD38}.Release|x64.ActiveCfg = Release|Any CPU
		{DDA09D69-289D-4CDF-9B8D-32E70F48FD38}.Release|x64.Build.0 = Release|Any CPU
		{DDA09D69-289D-4CDF-9B8D-32E70F48FD38}.Release|x86.ActiveCfg = Release|Any CPU
		{DDA09D69-289D-4CDF-9B8D-32E70F48FD38}.Release|x86.Build.0 = Release|Any CPU
		{713CACBD-A904-49AC-ACED-EB2813E305AE}.Debug|Any CPU.ActiveCfg = Debug|Any CPU
		{713CACBD-A904-49AC-ACED-EB2813E305AE}.Debug|Any CPU.Build.0 = Debug|Any CPU
		{713CACBD-A904-49AC-ACED-EB2813E305AE}.Debug|x64.ActiveCfg = Debug|Any CPU
		{713CACBD-A904-49AC-ACED-EB2813E305AE}.Debug|x64.Build.0 = Debug|Any CPU
		{713CACBD-A904-49AC-ACED-EB2813E305AE}.Debug|x86.ActiveCfg = Debug|Any CPU
		{713CACBD-A904-49AC-ACED-EB2813E305AE}.Debug|x86.Build.0 = Debug|Any CPU
		{713CACBD-A904-49AC-ACED-EB2813E305AE}.Release|Any CPU.ActiveCfg = Release|Any CPU
		{713CACBD-A904-49AC-ACED-EB2813E305AE}.Release|Any CPU.Build.0 = Release|Any CPU
		{713CACBD-A904-49AC-ACED-EB2813E305AE}.Release|x64.ActiveCfg = Release|Any CPU
		{713CACBD-A904-49AC-ACED-EB2813E305AE}.Release|x64.Build.0 = Release|Any CPU
		{713CACBD-A904-49AC-ACED-EB2813E305AE}.Release|x86.ActiveCfg = Release|Any CPU
		{713CACBD-A904-49AC-ACED-EB2813E305AE}.Release|x86.Build.0 = Release|Any CPU
		{63F23255-AD27-462D-92CA-ED01345246CE}.Debug|Any CPU.ActiveCfg = Debug|Any CPU
		{63F23255-AD27-462D-92CA-ED01345246CE}.Debug|Any CPU.Build.0 = Debug|Any CPU
		{63F23255-AD27-462D-92CA-ED01345246CE}.Debug|x64.ActiveCfg = Debug|Any CPU
		{63F23255-AD27-462D-92CA-ED01345246CE}.Debug|x64.Build.0 = Debug|Any CPU
		{63F23255-AD27-462D-92CA-ED01345246CE}.Debug|x86.ActiveCfg = Debug|Any CPU
		{63F23255-AD27-462D-92CA-ED01345246CE}.Debug|x86.Build.0 = Debug|Any CPU
		{63F23255-AD27-462D-92CA-ED01345246CE}.Release|Any CPU.ActiveCfg = Release|Any CPU
		{63F23255-AD27-462D-92CA-ED01345246CE}.Release|Any CPU.Build.0 = Release|Any CPU
		{63F23255-AD27-462D-92CA-ED01345246CE}.Release|x64.ActiveCfg = Release|Any CPU
		{63F23255-AD27-462D-92CA-ED01345246CE}.Release|x64.Build.0 = Release|Any CPU
		{63F23255-AD27-462D-92CA-ED01345246CE}.Release|x86.ActiveCfg = Release|Any CPU
		{63F23255-AD27-462D-92CA-ED01345246CE}.Release|x86.Build.0 = Release|Any CPU
	EndGlobalSection
EndGlobal
